PODS:
  - MARKRangeSlider (1.1.1)
  - MediaKit (0.0.1):
    - MARKRangeSlider (~> 1.1)

DEPENDENCIES:
  - MediaKit (from `..`)

EXTERNAL SOURCES:
  MediaKit:
    :path: ..

SPEC CHECKSUMS:
  MARKRangeSlider: ef7e1fe84d22996f47fd72dcb8de50b9410aac47
  MediaKit: dc9d058c5ea0e54b5b38a08e41aba25a8a6a74a1

PODFILE CHECKSUM: 14130a4243d18f6f104d01801af130cb8b0f8f6c

COCOAPODS: 1.1.1
